
Microsoft Visual Studio Solution File, Format Version 12.00
# Visual Studio Version 17
VisualStudioVersion = 17.4.33205.214
MinimumVisualStudioVersion = 10.0.40219.1
Project("{9A19103F-16F7-4668-BE54-9A1E7A4F7556}") = "WSAlumnos", "WSAlumnos\WSAlumnos.csproj", "{D94492D0-D4CA-4C02-934A-888588068897}"
EndProject
Project("{9A19103F-16F7-4668-BE54-9A1E7A4F7556}") = "WebApiLibros", "WebApiLibros\WebApiLibros.csproj", "{449C8012-2982-4336-AB45-890E1E8853A6}"
EndProject
Project("{FAE04EC0-301F-11D3-BF4B-00C04F79EFBC}") = "WebApiNorthWind", "WebApiNorthWind\WebApiNorthWind.csproj", "{69030365-6140-4937-B58F-7882E7BA1BF1}"
EndProject
Project("{FAE04EC0-301F-11D3-BF4B-00C04F79EFBC}") = "WebApiPubs", "WebApiPubs\WebApiPubs.csproj", "{73E60459-E7D5-479D-A38F-161B3D8603AD}"
EndProject
Global
	GlobalSection(SolutionConfigurationPlatforms) = preSolution
		Debug|Any CPU = Debug|Any CPU
		Release|Any CPU = Release|Any CPU
	EndGlobalSection
	GlobalSection(ProjectConfigurationPlatforms) = postSolution
		{D94492D0-D4CA-4C02-934A-888588068897}.Debug|Any CPU.ActiveCfg = Debug|Any CPU
		{D94492D0-D4CA-4C02-934A-888588068897}.Debug|Any CPU.Build.0 = Debug|Any CPU
		{D94492D0-D4CA-4C02-934A-888588068897}.Release|Any CPU.ActiveCfg = Release|Any CPU
		{D94492D0-D4CA-4C02-934A-888588068897}.Release|Any CPU.Build.0 = Release|Any CPU
		{449C8012-2982-4336-AB45-890E1E8853A6}.Debug|Any CPU.ActiveCfg = Debug|Any CPU
		{449C8012-2982-4336-AB45-890E1E8853A6}.Debug|Any CPU.Build.0 = Debug|Any CPU
		{449C8012-2982-4336-AB45-890E1E8853A6}.Release|Any CPU.ActiveCfg = Release|Any CPU
		{449C8012-2982-4336-AB45-890E1E8853A6}.Release|Any CPU.Build.0 = Release|Any CPU
		{69030365-6140-4937-B58F-7882E7BA1BF1}.Debug|Any CPU.ActiveCfg = Debug|Any CPU
		{69030365-6140-4937-B58F-7882E7BA1BF1}.Debug|Any CPU.Build.0 = Debug|Any CPU
		{69030365-6140-4937-B58F-7882E7BA1BF1}.Release|Any CPU.ActiveCfg = Release|Any CPU
		{69030365-6140-4937-B58F-7882E7BA1BF1}.Release|Any CPU.Build.0 = Release|Any CPU
		{73E60459-E7D5-479D-A38F-161B3D8603AD}.Debug|Any CPU.ActiveCfg = Debug|Any CPU
		{73E60459-E7D5-479D-A38F-161B3D8603AD}.Debug|Any CPU.Build.0 = Debug|Any CPU
		{73E60459-E7D5-479D-A38F-161B3D8603AD}.Release|Any CPU.ActiveCfg = Release|Any CPU
		{73E60459-E7D5-479D-A38F-161B3D8603AD}.Release|Any CPU.Build.0 = Release|Any CPU
	EndGlobalSection
	GlobalSection(SolutionProperties) = preSolution
		HideSolutionNode = FALSE
	EndGlobalSection
	GlobalSection(ExtensibilityGlobals) = postSolution
		SolutionGuid = {718C153E-0885-435C-B3B0-58D15AC25441}
	EndGlobalSection
EndGlobal
